// !$*UTF8*$!
{
	archiveVersion = 1;
	classes = {
	};
	objectVersion = 46;
	objects = {

/* Begin PBXBuildFile section */
		2C2BC79E1E2376B000F9F6AD /* EditingViewController.m in Sources */ = {isa = PBXBuildFile; fileRef = 2C2BC79D1E2376B000F9F6AD /* EditingViewController.m */; };
		2C2BC7A11E23773A00F9F6AD /* EditingCell.m in Sources */ = {isa = PBXBuildFile; fileRef = 2C2BC7A01E23773A00F9F6AD /* EditingCell.m */; };
		2C3A93721E2A566700496B73 /* InfoPlist.strings in Resources */ = {isa = PBXBuildFile; fileRef = 2C3A93741E2A566700496B73 /* InfoPlist.strings */; };
		2C3EB3051E29D1DA00BA1267 /* PasswordVC.m in Sources */ = {isa = PBXBuildFile; fileRef = 2C3EB3041E29D1DA00BA1267 /* PasswordVC.m */; };
		2C3EB3081E29DF4000BA1267 /* SetCell.m in Sources */ = {isa = PBXBuildFile; fileRef = 2C3EB3071E29DF4000BA1267 /* SetCell.m */; };
		2C782BB41E24AB8F00D3DC9D /* MessageUI.framework in Frameworks */ = {isa = PBXBuildFile; fileRef = 2C782BB31E24AB8F00D3DC9D /* MessageUI.framework */; };
		2C856C4C1E2CB90B00DA35DF /* Launch Screen.storyboard in Resources */ = {isa = PBXBuildFile; fileRef = 2C856C4E1E2CB90B00DA35DF /* Launch Screen.storyboard */; };
		2CC599B11E28D7B500C121BB /* Localizable.strings in Resources */ = {isa = PBXBuildFile; fileRef = 2CC599B31E28D7B500C121BB /* Localizable.strings */; };
		2CE5DBE31E21F8D200751566 /* main.m in Sources */ = {isa = PBXBuildFile; fileRef = 2CE5DBE21E21F8D200751566 /* main.m */; };
		2CE5DBE61E21F8D200751566 /* AppDelegate.m in Sources */ = {isa = PBXBuildFile; fileRef = 2CE5DBE51E21F8D200751566 /* AppDelegate.m */; };
		2CE5DBEE1E21F8D200751566 /* Assets.xcassets in Resources */ = {isa = PBXBuildFile; fileRef = 2CE5DBED1E21F8D200751566 /* Assets.xcassets */; };
		2CE5DBFA1E21FADE00751566 /* ViewController.m in Sources */ = {isa = PBXBuildFile; fileRef = 2CE5DBF91E21FADE00751566 /* ViewController.m */; };
		2CE5DBFD1E2205C700751566 /* TableViewCell.m in Sources */ = {isa = PBXBuildFile; fileRef = 2CE5DBFC1E2205C700751566 /* TableViewCell.m */; };
		2CE5DC041E22165000751566 /* UIView+Quick.m in Sources */ = {isa = PBXBuildFile; fileRef = 2CE5DC031E22165000751566 /* UIView+Quick.m */; };
		2CEB92521E226F0700D3D2EA /* SetViewController.m in Sources */ = {isa = PBXBuildFile; fileRef = 2CEB92511E226F0700D3D2EA /* SetViewController.m */; };
		2CF6B1001E232D6D00EED5E5 /* LocalAuthentication.framework in Frameworks */ = {isa = PBXBuildFile; fileRef = 2CF6B0FF1E232D6D00EED5E5 /* LocalAuthentication.framework */; };
		2CFD14F51E25D2B5009E6B6B /* LocalAuthenticationViewController.m in Sources */ = {isa = PBXBuildFile; fileRef = 2CFD14F41E25D2B5009E6B6B /* LocalAuthenticationViewController.m */; };
/* End PBXBuildFile section */

/* Begin PBXFileReference section */
		2C2BC79C1E2376B000F9F6AD /* EditingViewController.h */ = {isa = PBXFileReference; fileEncoding = 4; lastKnownFileType = sourcecode.c.h; path = EditingViewController.h; sourceTree = "<group>"; };
		2C2BC79D1E2376B000F9F6AD /* EditingViewController.m */ = {isa = PBXFileReference; fileEncoding = 4; lastKnownFileType = sourcecode.c.objc; path = EditingViewController.m; sourceTree = "<group>"; };
		2C2BC79F1E23773A00F9F6AD /* EditingCell.h */ = {isa = PBXFileReference; fileEncoding = 4; lastKnownFileType = sourcecode.c.h; path = EditingCell.h; sourceTree = "<group>"; };
		2C2BC7A01E23773A00F9F6AD /* EditingCell.m */ = {isa = PBXFileReference; fileEncoding = 4; lastKnownFileType = sourcecode.c.objc; path = EditingCell.m; sourceTree = "<group>"; };
		2C2BC7A21E23868800F9F6AD /* Header.h */ = {isa = PBXFileReference; fileEncoding = 4; lastKnownFileType = sourcecode.c.h; path = Header.h; sourceTree = "<group>"; };
		2C3A93731E2A566700496B73 /* Base */ = {isa = PBXFileReference; lastKnownFileType = text.plist.strings; name = Base; path = Base.lproj/InfoPlist.strings; sourceTree = "<group>"; };
		2C3EB3031E29D1DA00BA1267 /* PasswordVC.h */ = {isa = PBXFileReference; fileEncoding = 4; lastKnownFileType = sourcecode.c.h; path = PasswordVC.h; sourceTree = "<group>"; };
		2C3EB3041E29D1DA00BA1267 /* PasswordVC.m */ = {isa = PBXFileReference; fileEncoding = 4; lastKnownFileType = sourcecode.c.objc; path = PasswordVC.m; sourceTree = "<group>"; };
		2C3EB3061E29DF4000BA1267 /* SetCell.h */ = {isa = PBXFileReference; fileEncoding = 4; lastKnownFileType = sourcecode.c.h; path = SetCell.h; sourceTree = "<group>"; };
		2C3EB3071E29DF4000BA1267 /* SetCell.m */ = {isa = PBXFileReference; fileEncoding = 4; lastKnownFileType = sourcecode.c.objc; path = SetCell.m; sourceTree = "<group>"; };
		2C7461D11E2DADDA005F10F2 /* zh-Hant */ = {isa = PBXFileReference; lastKnownFileType = text.plist.strings; name = "zh-Hant"; path = "zh-Hant.lproj/InfoPlist.strings"; sourceTree = "<group>"; };
		2C7461D21E2DAE29005F10F2 /* en */ = {isa = PBXFileReference; lastKnownFileType = text.plist.strings; name = en; path = en.lproj/InfoPlist.strings; sourceTree = "<group>"; };
		2C7461D31E2DAE2E005F10F2 /* ja */ = {isa = PBXFileReference; lastKnownFileType = text.plist.strings; name = ja; path = ja.lproj/InfoPlist.strings; sourceTree = "<group>"; };
		2C7461D41E2DAE30005F10F2 /* fr */ = {isa = PBXFileReference; lastKnownFileType = text.plist.strings; name = fr; path = fr.lproj/InfoPlist.strings; sourceTree = "<group>"; };
		2C7461D51E2DAE30005F10F2 /* de */ = {isa = PBXFileReference; lastKnownFileType = text.plist.strings; name = de; path = de.lproj/InfoPlist.strings; sourceTree = "<group>"; };
		2C7461D61E2DAE31005F10F2 /* es */ = {isa = PBXFileReference; lastKnownFileType = text.plist.strings; name = es; path = es.lproj/InfoPlist.strings; sourceTree = "<group>"; };
		2C7461D71E2DAE32005F10F2 /* es-MX */ = {isa = PBXFileReference; lastKnownFileType = text.plist.strings; name = "es-MX"; path = "es-MX.lproj/InfoPlist.strings"; sourceTree = "<group>"; };
		2C7461D81E2DAE36005F10F2 /* it */ = {isa = PBXFileReference; lastKnownFileType = text.plist.strings; name = it; path = it.lproj/InfoPlist.strings; sourceTree = "<group>"; };
		2C7461D91E2DAE37005F10F2 /* nl */ = {isa = PBXFileReference; lastKnownFileType = text.plist.strings; name = nl; path = nl.lproj/InfoPlist.strings; sourceTree = "<group>"; };
		2C7461DA1E2DAE38005F10F2 /* ko */ = {isa = PBXFileReference; lastKnownFileType = text.plist.strings; name = ko; path = ko.lproj/InfoPlist.strings; sourceTree = "<group>"; };
		2C7461DB1E2DAE3C005F10F2 /* pt-BR */ = {isa = PBXFileReference; lastKnownFileType = text.plist.strings; name = "pt-BR"; path = "pt-BR.lproj/InfoPlist.strings"; sourceTree = "<group>"; };
		2C7461DC1E2DAE3D005F10F2 /* pt-PT */ = {isa = PBXFileReference; lastKnownFileType = text.plist.strings; name = "pt-PT"; path = "pt-PT.lproj/InfoPlist.strings"; sourceTree = "<group>"; };
		2C7461DD1E2DAE3D005F10F2 /* da */ = {isa = PBXFileReference; lastKnownFileType = text.plist.strings; name = da; path = da.lproj/InfoPlist.strings; sourceTree = "<group>"; };
		2C7461DE1E2DAE3E005F10F2 /* fi */ = {isa = PBXFileReference; lastKnownFileType = text.plist.strings; name = fi; path = fi.lproj/InfoPlist.strings; sourceTree = "<group>"; };
		2C7461DF1E2DAE3F005F10F2 /* nb */ = {isa = PBXFileReference; lastKnownFileType = text.plist.strings; name = nb; path = nb.lproj/InfoPlist.strings; sourceTree = "<group>"; };
		2C7461E01E2DAE40005F10F2 /* sv */ = {isa = PBXFileReference; lastKnownFileType = text.plist.strings; name = sv; path = sv.lproj/InfoPlist.strings; sourceTree = "<group>"; };
		2C7461E11E2DAE40005F10F2 /* ru */ = {isa = PBXFileReference; lastKnownFileType = text.plist.strings; name = ru; path = ru.lproj/InfoPlist.strings; sourceTree = "<group>"; };
		2C7461E21E2DAE41005F10F2 /* pl */ = {isa = PBXFileReference; lastKnownFileType = text.plist.strings; name = pl; path = pl.lproj/InfoPlist.strings; sourceTree = "<group>"; };
		2C7461E31E2DAE43005F10F2 /* tr */ = {isa = PBXFileReference; lastKnownFileType = text.plist.strings; name = tr; path = tr.lproj/InfoPlist.strings; sourceTree = "<group>"; };
		2C7461E41E2DAE44005F10F2 /* ar */ = {isa = PBXFileReference; lastKnownFileType = text.plist.strings; name = ar; path = ar.lproj/InfoPlist.strings; sourceTree = "<group>"; };
		2C7461E51E2DAE45005F10F2 /* th */ = {isa = PBXFileReference; lastKnownFileType = text.plist.strings; name = th; path = th.lproj/InfoPlist.strings; sourceTree = "<group>"; };
		2C7461E61E2DAE46005F10F2 /* cs */ = {isa = PBXFileReference; lastKnownFileType = text.plist.strings; name = cs; path = cs.lproj/InfoPlist.strings; sourceTree = "<group>"; };
		2C7461E71E2DAE47005F10F2 /* hu */ = {isa = PBXFileReference; lastKnownFileType = text.plist.strings; name = hu; path = hu.lproj/InfoPlist.strings; sourceTree = "<group>"; };
		2C7461E81E2DAE49005F10F2 /* ca */ = {isa = PBXFileReference; lastKnownFileType = text.plist.strings; name = ca; path = ca.lproj/InfoPlist.strings; sourceTree = "<group>"; };
		2C7461E91E2DAE4A005F10F2 /* hr */ = {isa = PBXFileReference; lastKnownFileType = text.plist.strings; name = hr; path = hr.lproj/InfoPlist.strings; sourceTree = "<group>"; };
		2C7461EA1E2DAE4B005F10F2 /* el */ = {isa = PBXFileReference; lastKnownFileType = text.plist.strings; name = el; path = el.lproj/InfoPlist.strings; sourceTree = "<group>"; };
		2C7461EB1E2DAE4C005F10F2 /* he */ = {isa = PBXFileReference; lastKnownFileType = text.plist.strings; name = he; path = he.lproj/InfoPlist.strings; sourceTree = "<group>"; };
		2C7461EC1E2DAE4C005F10F2 /* ro */ = {isa = PBXFileReference; lastKnownFileType = text.plist.strings; name = ro; path = ro.lproj/InfoPlist.strings; sourceTree = "<group>"; };
		2C7461ED1E2DAE4D005F10F2 /* sk */ = {isa = PBXFileReference; lastKnownFileType = text.plist.strings; name = sk; path = sk.lproj/InfoPlist.strings; sourceTree = "<group>"; };
		2C7461EE1E2DAE4E005F10F2 /* uk */ = {isa = PBXFileReference; lastKnownFileType = text.plist.strings; name = uk; path = uk.lproj/InfoPlist.strings; sourceTree = "<group>"; };
		2C7461EF1E2DAE4F005F10F2 /* id */ = {isa = PBXFileReference; lastKnownFileType = text.plist.strings; name = id; path = id.lproj/InfoPlist.strings; sourceTree = "<group>"; };
		2C7461F01E2DAE50005F10F2 /* ms */ = {isa = PBXFileReference; lastKnownFileType = text.plist.strings; name = ms; path = ms.lproj/InfoPlist.strings; sourceTree = "<group>"; };
		2C7461F11E2DAE51005F10F2 /* vi */ = {isa = PBXFileReference; lastKnownFileType = text.plist.strings; name = vi; path = vi.lproj/InfoPlist.strings; sourceTree = "<group>"; };
		2C7461F21E2DAE52005F10F2 /* zh-Hans */ = {isa = PBXFileReference; lastKnownFileType = text.plist.strings; name = "zh-Hans"; path = "zh-Hans.lproj/InfoPlist.strings"; sourceTree = "<group>"; };
		2C7461F31E2DB0A3005F10F2 /* en */ = {isa = PBXFileReference; lastKnownFileType = text.plist.strings; name = en; path = en.lproj/Localizable.strings; sourceTree = "<group>"; };
		2C7461F41E2DB0B1005F10F2 /* zh-Hant */ = {isa = PBXFileReference; lastKnownFileType = text.plist.strings; name = "zh-Hant"; path = "zh-Hant.lproj/Localizable.strings"; sourceTree = "<group>"; };
		2C7461F51E2DB0BA005F10F2 /* ja */ = {isa = PBXFileReference; lastKnownFileType = text.plist.strings; name = ja; path = ja.lproj/Localizable.strings; sourceTree = "<group>"; };
		2C7461F61E2DB0BF005F10F2 /* fr */ = {isa = PBXFileReference; lastKnownFileType = text.plist.strings; name = fr; path = fr.lproj/Localizable.strings; sourceTree = "<group>"; };
		2C7461F71E2DB0C0005F10F2 /* de */ = {isa = PBXFileReference; lastKnownFileType = text.plist.strings; name = de; path = de.lproj/Localizable.strings; sourceTree = "<group>"; };
		2C7461F81E2DB0C1005F10F2 /* es */ = {isa = PBXFileReference; lastKnownFileType = text.plist.strings; name = es; path = es.lproj/Localizable.strings; sourceTree = "<group>"; };
		2C7461F91E2DB0C2005F10F2 /* es-MX */ = {isa = PBXFileReference; lastKnownFileType = text.plist.strings; name = "es-MX"; path = "es-MX.lproj/Localizable.strings"; sourceTree = "<group>"; };
		2C7461FA1E2DB0C4005F10F2 /* it */ = {isa = PBXFileReference; lastKnownFileType = text.plist.strings; name = it; path = it.lproj/Localizable.strings; sourceTree = "<group>"; };
		2C7461FB1E2DB0C5005F10F2 /* nl */ = {isa = PBXFileReference; lastKnownFileType = text.plist.strings; name = nl; path = nl.lproj/Localizable.strings; sourceTree = "<group>"; };
		2C7461FC1E2DB0C6005F10F2 /* ko */ = {isa = PBXFileReference; lastKnownFileType = text.plist.strings; name = ko; path = ko.lproj/Localizable.strings; sourceTree = "<group>"; };
		2C7461FD1E2DB0C7005F10F2 /* pt-BR */ = {isa = PBXFileReference; lastKnownFileType = text.plist.strings; name = "pt-BR"; path = "pt-BR.lproj/Localizable.strings"; sourceTree = "<group>"; };
		2C7461FE1E2DB0C9005F10F2 /* pt-PT */ = {isa = PBXFileReference; lastKnownFileType = text.plist.strings; name = "pt-PT"; path = "pt-PT.lproj/Localizable.strings"; sourceTree = "<group>"; };
		2C7461FF1E2DB0CA005F10F2 /* da */ = {isa = PBXFileReference; lastKnownFileType = text.plist.strings; name = da; path = da.lproj/Localizable.strings; sourceTree = "<group>"; };
		2C7462001E2DB0CB005F10F2 /* fi */ = {isa = PBXFileReference; lastKnownFileType = text.plist.strings; name = fi; path = fi.lproj/Localizable.strings; sourceTree = "<group>"; };
		2C7462011E2DB0CC005F10F2 /* nb */ = {isa = PBXFileReference; lastKnownFileType = text.plist.strings; name = nb; path = nb.lproj/Localizable.strings; sourceTree = "<group>"; };
		2C7462021E2DB0CC005F10F2 /* sv */ = {isa = PBXFileReference; lastKnownFileType = text.plist.strings; name = sv; path = sv.lproj/Localizable.strings; sourceTree = "<group>"; };
		2C7462031E2DB0CD005F10F2 /* ru */ = {isa = PBXFileReference; lastKnownFileType = text.plist.strings; name = ru; path = ru.lproj/Localizable.strings; sourceTree = "<group>"; };
		2C7462041E2DB0CE005F10F2 /* pl */ = {isa = PBXFileReference; lastKnownFileType = text.plist.strings; name = pl; path = pl.lproj/Localizable.strings; sourceTree = "<group>"; };
		2C7462051E2DB0D0005F10F2 /* tr */ = {isa = PBXFileReference; lastKnownFileType = text.plist.strings; name = tr; path = tr.lproj/Localizable.strings; sourceTree = "<group>"; };
		2C7462061E2DB0D1005F10F2 /* ar */ = {isa = PBXFileReference; lastKnownFileType = text.plist.strings; name = ar; path = ar.lproj/Localizable.strings; sourceTree = "<group>"; };
		2C7462071E2DB0D2005F10F2 /* th */ = {isa = PBXFileReference; lastKnownFileType = text.plist.strings; name = th; path = th.lproj/Localizable.strings; sourceTree = "<group>"; };
		2C7462081E2DB0D3005F10F2 /* cs */ = {isa = PBXFileReference; lastKnownFileType = text.plist.strings; name = cs; path = cs.lproj/Localizable.strings; sourceTree = "<group>"; };
		2C7462091E2DB0D4005F10F2 /* hu */ = {isa = PBXFileReference; lastKnownFileType = text.plist.strings; name = hu; path = hu.lproj/Localizable.strings; sourceTree = "<group>"; };
		2C74620A1E2DB0D5005F10F2 /* ca */ = {isa = PBXFileReference; lastKnownFileType = text.plist.strings; name = ca; path = ca.lproj/Localizable.strings; sourceTree = "<group>"; };
		2C74620B1E2DB0D6005F10F2 /* hr */ = {isa = PBXFileReference; lastKnownFileType = text.plist.strings; name = hr; path = hr.lproj/Localizable.strings; sourceTree = "<group>"; };
		2C74620C1E2DB0D7005F10F2 /* el */ = {isa = PBXFileReference; lastKnownFileType = text.plist.strings; name = el; path = el.lproj/Localizable.strings; sourceTree = "<group>"; };
		2C74620D1E2DB0D8005F10F2 /* he */ = {isa = PBXFileReference; lastKnownFileType = text.plist.strings; name = he; path = he.lproj/Localizable.strings; sourceTree = "<group>"; };
		2C74620E1E2DB0D9005F10F2 /* ro */ = {isa = PBXFileReference; lastKnownFileType = text.plist.strings; name = ro; path = ro.lproj/Localizable.strings; sourceTree = "<group>"; };
		2C74620F1E2DB0DA005F10F2 /* sk */ = {isa = PBXFileReference; lastKnownFileType = text.plist.strings; name = sk; path = sk.lproj/Localizable.strings; sourceTree = "<group>"; };
		2C7462101E2DB0DB005F10F2 /* uk */ = {isa = PBXFileReference; lastKnownFileType = text.plist.strings; name = uk; path = uk.lproj/Localizable.strings; sourceTree = "<group>"; };
		2C7462111E2DB0DC005F10F2 /* id */ = {isa = PBXFileReference; lastKnownFileType = text.plist.strings; name = id; path = id.lproj/Localizable.strings; sourceTree = "<group>"; };
		2C7462121E2DB0DC005F10F2 /* ms */ = {isa = PBXFileReference; lastKnownFileType = text.plist.strings; name = ms; path = ms.lproj/Localizable.strings; sourceTree = "<group>"; };
		2C7462131E2DB0DD005F10F2 /* vi */ = {isa = PBXFileReference; lastKnownFileType = text.plist.strings; name = vi; path = vi.lproj/Localizable.strings; sourceTree = "<group>"; };
		2C7462141E2DB0DE005F10F2 /* zh-Hans */ = {isa = PBXFileReference; lastKnownFileType = text.plist.strings; name = "zh-Hans"; path = "zh-Hans.lproj/Localizable.strings"; sourceTree = "<group>"; };
		2C782BB31E24AB8F00D3DC9D /* MessageUI.framework */ = {isa = PBXFileReference; lastKnownFileType = wrapper.framework; name = MessageUI.framework; path = System/Library/Frameworks/MessageUI.framework; sourceTree = SDKROOT; };
		2C782BB51E24BAE700D3DC9D /* Social.framework */ = {isa = PBXFileReference; lastKnownFileType = wrapper.framework; name = Social.framework; path = System/Library/Frameworks/Social.framework; sourceTree = SDKROOT; };
		2C856C4D1E2CB90B00DA35DF /* Base */ = {isa = PBXFileReference; lastKnownFileType = file.storyboard; name = Base; path = "Base.lproj/Launch Screen.storyboard"; sourceTree = "<group>"; };
		2C856C521E2CB92600DA35DF /* en */ = {isa = PBXFileReference; lastKnownFileType = text.plist.strings; name = en; path = "en.lproj/Launch Screen.strings"; sourceTree = "<group>"; };
		2C856C541E2CB95F00DA35DF /* zh-Hant */ = {isa = PBXFileReference; lastKnownFileType = text.plist.strings; name = "zh-Hant"; path = "zh-Hant.lproj/Launch Screen.strings"; sourceTree = "<group>"; };
		2C856C561E2CB96400DA35DF /* zh-Hans */ = {isa = PBXFileReference; lastKnownFileType = text.plist.strings; name = "zh-Hans"; path = "zh-Hans.lproj/Launch Screen.strings"; sourceTree = "<group>"; };
		2CC599B51E28D7C800C121BB /* Base */ = {isa = PBXFileReference; lastKnownFileType = text.plist.strings; name = Base; path = Base.lproj/Localizable.strings; sourceTree = "<group>"; };
		2CE5DBDE1E21F8D200751566 /* Secret.app */ = {isa = PBXFileReference; explicitFileType = wrapper.application; includeInIndex = 0; path = Secret.app; sourceTree = BUILT_PRODUCTS_DIR; };
		2CE5DBE21E21F8D200751566 /* main.m */ = {isa = PBXFileReference; lastKnownFileType = sourcecode.c.objc; path = main.m; sourceTree = "<group>"; };
		2CE5DBE41E21F8D200751566 /* AppDelegate.h */ = {isa = PBXFileReference; lastKnownFileType = sourcecode.c.h; path = AppDelegate.h; sourceTree = "<group>"; };
		2CE5DBE51E21F8D200751566 /* AppDelegate.m */ = {isa = PBXFileReference; lastKnownFileType = sourcecode.c.objc; path = AppDelegate.m; sourceTree = "<group>"; };
		2CE5DBED1E21F8D200751566 /* Assets.xcassets */ = {isa = PBXFileReference; lastKnownFileType = folder.assetcatalog; path = Assets.xcassets; sourceTree = "<group>"; };
		2CE5DBF21E21F8D200751566 /* Info.plist */ = {isa = PBXFileReference; lastKnownFileType = text.plist.xml; path = Info.plist; sourceTree = "<group>"; };
		2CE5DBF81E21FADE00751566 /* ViewController.h */ = {isa = PBXFileReference; fileEncoding = 4; lastKnownFileType = sourcecode.c.h; path = ViewController.h; sourceTree = "<group>"; };
		2CE5DBF91E21FADE00751566 /* ViewController.m */ = {isa = PBXFileReference; fileEncoding = 4; lastKnownFileType = sourcecode.c.objc; path = ViewController.m; sourceTree = "<group>"; };
		2CE5DBFB1E2205C700751566 /* TableViewCell.h */ = {isa = PBXFileReference; fileEncoding = 4; lastKnownFileType = sourcecode.c.h; path = TableViewCell.h; sourceTree = "<group>"; };
		2CE5DBFC1E2205C700751566 /* TableViewCell.m */ = {isa = PBXFileReference; fileEncoding = 4; lastKnownFileType = sourcecode.c.objc; path = TableViewCell.m; sourceTree = "<group>"; };
		2CE5DC021E22165000751566 /* UIView+Quick.h */ = {isa = PBXFileReference; fileEncoding = 4; lastKnownFileType = sourcecode.c.h; path = "UIView+Quick.h"; sourceTree = "<group>"; };
		2CE5DC031E22165000751566 /* UIView+Quick.m */ = {isa = PBXFileReference; fileEncoding = 4; lastKnownFileType = sourcecode.c.objc; path = "UIView+Quick.m"; sourceTree = "<group>"; };
		2CEB92501E226F0700D3D2EA /* SetViewController.h */ = {isa = PBXFileReference; fileEncoding = 4; lastKnownFileType = sourcecode.c.h; path = SetViewController.h; sourceTree = "<group>"; };
		2CEB92511E226F0700D3D2EA /* SetViewController.m */ = {isa = PBXFileReference; fileEncoding = 4; lastKnownFileType = sourcecode.c.objc; path = SetViewController.m; sourceTree = "<group>"; };
		2CF6B0FF1E232D6D00EED5E5 /* LocalAuthentication.framework */ = {isa = PBXFileReference; lastKnownFileType = wrapper.framework; name = LocalAuthentication.framework; path = System/Library/Frameworks/LocalAuthentication.framework; sourceTree = SDKROOT; };
		2CFD14F31E25D2B5009E6B6B /* LocalAuthenticationViewController.h */ = {isa = PBXFileReference; fileEncoding = 4; lastKnownFileType = sourcecode.c.h; path = LocalAuthenticationViewController.h; sourceTree = "<group>"; };
		2CFD14F41E25D2B5009E6B6B /* LocalAuthenticationViewController.m */ = {isa = PBXFileReference; fileEncoding = 4; lastKnownFileType = sourcecode.c.objc; path = LocalAuthenticationViewController.m; sourceTree = "<group>"; };
/* End PBXFileReference section */

/* Begin PBXFrameworksBuildPhase section */
		2CE5DBDB1E21F8D100751566 /* Frameworks */ = {
			isa = PBXFrameworksBuildPhase;
			buildActionMask = 2147483647;
			files = (
				2C782BB41E24AB8F00D3DC9D /* MessageUI.framework in Frameworks */,
				2CF6B1001E232D6D00EED5E5 /* LocalAuthentication.framework in Frameworks */,
			);
			runOnlyForDeploymentPostprocessing = 0;
		};
/* End PBXFrameworksBuildPhase section */

/* Begin PBXGroup section */
		2CE5DBD51E21F8D100751566 = {
			isa = PBXGroup;
			children = (
				2CE5DBE01E21F8D200751566 /* Secret */,
				2CE5DBDF1E21F8D200751566 /* Products */,
				2CF6B0FE1E232D6C00EED5E5 /* Frameworks */,
			);
			sourceTree = "<group>";
		};
		2CE5DBDF1E21F8D200751566 /* Products */ = {
			isa = PBXGroup;
			children = (
				2CE5DBDE1E21F8D200751566 /* Secret.app */,
			);
			name = Products;
			sourceTree = "<group>";
		};
		2CE5DBE01E21F8D200751566 /* Secret */ = {
			isa = PBXGroup;
			children = (
				2CE5DC011E22165000751566 /* Quick */,
				2CE5DBE41E21F8D200751566 /* AppDelegate.h */,
				2CE5DBE51E21F8D200751566 /* AppDelegate.m */,
				2CFD14F31E25D2B5009E6B6B /* LocalAuthenticationViewController.h */,
				2CFD14F41E25D2B5009E6B6B /* LocalAuthenticationViewController.m */,
				2CE5DBF81E21FADE00751566 /* ViewController.h */,
				2CE5DBF91E21FADE00751566 /* ViewController.m */,
				2CE5DBFB1E2205C700751566 /* TableViewCell.h */,
				2CE5DBFC1E2205C700751566 /* TableViewCell.m */,
				2CEB92501E226F0700D3D2EA /* SetViewController.h */,
				2CEB92511E226F0700D3D2EA /* SetViewController.m */,
				2C3EB3061E29DF4000BA1267 /* SetCell.h */,
				2C3EB3071E29DF4000BA1267 /* SetCell.m */,
				2C3EB3031E29D1DA00BA1267 /* PasswordVC.h */,
				2C3EB3041E29D1DA00BA1267 /* PasswordVC.m */,
				2C2BC79C1E2376B000F9F6AD /* EditingViewController.h */,
				2C2BC79D1E2376B000F9F6AD /* EditingViewController.m */,
				2C2BC79F1E23773A00F9F6AD /* EditingCell.h */,
				2C2BC7A01E23773A00F9F6AD /* EditingCell.m */,
				2C2BC7A21E23868800F9F6AD /* Header.h */,
				2C3A93741E2A566700496B73 /* InfoPlist.strings */,
				2CC599B31E28D7B500C121BB /* Localizable.strings */,
				2CE5DBED1E21F8D200751566 /* Assets.xcassets */,
				2CE5DBF21E21F8D200751566 /* Info.plist */,
				2C856C4E1E2CB90B00DA35DF /* Launch Screen.storyboard */,
				2CE5DBE11E21F8D200751566 /* Supporting Files */,
			);
			path = Secret;
			sourceTree = "<group>";
		};
		2CE5DBE11E21F8D200751566 /* Supporting Files */ = {
			isa = PBXGroup;
			children = (
				2CE5DBE21E21F8D200751566 /* main.m */,
			);
			name = "Supporting Files";
			sourceTree = "<group>";
		};
		2CE5DC011E22165000751566 /* Quick */ = {
			isa = PBXGroup;
			children = (
				2CE5DC021E22165000751566 /* UIView+Quick.h */,
				2CE5DC031E22165000751566 /* UIView+Quick.m */,
			);
			path = Quick;
			sourceTree = "<group>";
		};
		2CF6B0FE1E232D6C00EED5E5 /* Frameworks */ = {
			isa = PBXGroup;
			children = (
				2C782BB51E24BAE700D3DC9D /* Social.framework */,
				2C782BB31E24AB8F00D3DC9D /* MessageUI.framework */,
				2CF6B0FF1E232D6D00EED5E5 /* LocalAuthentication.framework */,
			);
			name = Frameworks;
			sourceTree = "<group>";
		};
/* End PBXGroup section */

/* Begin PBXNativeTarget section */
		2CE5DBDD1E21F8D100751566 /* Secret */ = {
			isa = PBXNativeTarget;
			buildConfigurationList = 2CE5DBF51E21F8D200751566 /* Build configuration list for PBXNativeTarget "Secret" */;
			buildPhases = (
				2CE5DBDA1E21F8D100751566 /* Sources */,
				2CE5DBDB1E21F8D100751566 /* Frameworks */,
				2CE5DBDC1E21F8D100751566 /* Resources */,
			);
			buildRules = (
			);
			dependencies = (
			);
			name = Secret;
			productName = Secret;
			productReference = 2CE5DBDE1E21F8D200751566 /* Secret.app */;
			productType = "com.apple.product-type.application";
		};
/* End PBXNativeTarget section */

/* Begin PBXProject section */
		2CE5DBD61E21F8D100751566 /* Project object */ = {
			isa = PBXProject;
			attributes = {
				LastUpgradeCheck = 0820;
				ORGANIZATIONNAME = "郭旭赞";
				TargetAttributes = {
					2CE5DBDD1E21F8D100751566 = {
						CreatedOnToolsVersion = 8.1;
						DevelopmentTeam = Z3X9X735CZ;
						ProvisioningStyle = Automatic;
					};
				};
			};
			buildConfigurationList = 2CE5DBD91E21F8D100751566 /* Build configuration list for PBXProject "Secret" */;
			compatibilityVersion = "Xcode 3.2";
			developmentRegion = English;
			hasScannedForEncodings = 0;
			knownRegions = (
				en,
				Base,
				"zh-Hant",
				ja,
				fr,
				de,
				es,
				"es-MX",
				it,
				nl,
				ko,
				"pt-BR",
				"pt-PT",
				da,
				fi,
				nb,
				sv,
				ru,
				pl,
				tr,
				ar,
				th,
				cs,
				hu,
				ca,
				hr,
				el,
				he,
				ro,
				sk,
				uk,
				id,
				ms,
				vi,
				"zh-Hans",
			);
			mainGroup = 2CE5DBD51E21F8D100751566;
			productRefGroup = 2CE5DBDF1E21F8D200751566 /* Products */;
			projectDirPath = "";
			projectRoot = "";
			targets = (
				2CE5DBDD1E21F8D100751566 /* Secret */,
			);
		};
/* End PBXProject section */

/* Begin PBXResourcesBuildPhase section */
		2CE5DBDC1E21F8D100751566 /* Resources */ = {
			isa = PBXResourcesBuildPhase;
			buildActionMask = 2147483647;
			files = (
				2CE5DBEE1E21F8D200751566 /* Assets.xcassets in Resources */,
				2C3A93721E2A566700496B73 /* InfoPlist.strings in Resources */,
				2C856C4C1E2CB90B00DA35DF /* Launch Screen.storyboard in Resources */,
				2CC599B11E28D7B500C121BB /* Localizable.strings in Resources */,
			);
			runOnlyForDeploymentPostprocessing = 0;
		};
/* End PBXResourcesBuildPhase section */

/* Begin PBXSourcesBuildPhase section */
		2CE5DBDA1E21F8D100751566 /* Sources */ = {
			isa = PBXSourcesBuildPhase;
			buildActionMask = 2147483647;
			files = (
				2CE5DC041E22165000751566 /* UIView+Quick.m in Sources */,
				2CE5DBFA1E21FADE00751566 /* ViewController.m in Sources */,
				2C3EB3081E29DF4000BA1267 /* SetCell.m in Sources */,
				2C2BC7A11E23773A00F9F6AD /* EditingCell.m in Sources */,
				2CFD14F51E25D2B5009E6B6B /* LocalAuthenticationViewController.m in Sources */,
				2CE5DBFD1E2205C700751566 /* TableViewCell.m in Sources */,
				2CEB92521E226F0700D3D2EA /* SetViewController.m in Sources */,
				2C2BC79E1E2376B000F9F6AD /* EditingViewController.m in Sources */,
				2C3EB3051E29D1DA00BA1267 /* PasswordVC.m in Sources */,
				2CE5DBE61E21F8D200751566 /* AppDelegate.m in Sources */,
				2CE5DBE31E21F8D200751566 /* main.m in Sources */,
			);
			runOnlyForDeploymentPostprocessing = 0;
		};
/* End PBXSourcesBuildPhase section */

/* Begin PBXVariantGroup section */
		2C3A93741E2A566700496B73 /* InfoPlist.strings */ = {
			isa = PBXVariantGroup;
			children = (
				2C3A93731E2A566700496B73 /* Base */,
				2C7461D11E2DADDA005F10F2 /* zh-Hant */,
				2C7461D21E2DAE29005F10F2 /* en */,
				2C7461D31E2DAE2E005F10F2 /* ja */,
				2C7461D41E2DAE30005F10F2 /* fr */,
				2C7461D51E2DAE30005F10F2 /* de */,
				2C7461D61E2DAE31005F10F2 /* es */,
				2C7461D71E2DAE32005F10F2 /* es-MX */,
				2C7461D81E2DAE36005F10F2 /* it */,
				2C7461D91E2DAE37005F10F2 /* nl */,
				2C7461DA1E2DAE38005F10F2 /* ko */,
				2C7461DB1E2DAE3C005F10F2 /* pt-BR */,
				2C7461DC1E2DAE3D005F10F2 /* pt-PT */,
				2C7461DD1E2DAE3D005F10F2 /* da */,
				2C7461DE1E2DAE3E005F10F2 /* fi */,
				2C7461DF1E2DAE3F005F10F2 /* nb */,
				2C7461E01E2DAE40005F10F2 /* sv */,
				2C7461E11E2DAE40005F10F2 /* ru */,
				2C7461E21E2DAE41005F10F2 /* pl */,
				2C7461E31E2DAE43005F10F2 /* tr */,
				2C7461E41E2DAE44005F10F2 /* ar */,
				2C7461E51E2DAE45005F10F2 /* th */,
				2C7461E61E2DAE46005F10F2 /* cs */,
				2C7461E71E2DAE47005F10F2 /* hu */,
				2C7461E81E2DAE49005F10F2 /* ca */,
				2C7461E91E2DAE4A005F10F2 /* hr */,
				2C7461EA1E2DAE4B005F10F2 /* el */,
				2C7461EB1E2DAE4C005F10F2 /* he */,
				2C7461EC1E2DAE4C005F10F2 /* ro */,
				2C7461ED1E2DAE4D005F10F2 /* sk */,
				2C7461EE1E2DAE4E005F10F2 /* uk */,
				2C7461EF1E2DAE4F005F10F2 /* id */,
				2C7461F01E2DAE50005F10F2 /* ms */,
				2C7461F11E2DAE51005F10F2 /* vi */,
				2C7461F21E2DAE52005F10F2 /* zh-Hans */,
			);
			name = InfoPlist.strings;
			sourceTree = "<group>";
		};
		2C856C4E1E2CB90B00DA35DF /* Launch Screen.storyboard */ = {
			isa = PBXVariantGroup;
			children = (
				2C856C4D1E2CB90B00DA35DF /* Base */,
				2C856C521E2CB92600DA35DF /* en */,
				2C856C541E2CB95F00DA35DF /* zh-Hant */,
				2C856C561E2CB96400DA35DF /* zh-Hans */,
			);
			name = "Launch Screen.storyboard";
			sourceTree = "<group>";
		};
		2CC599B31E28D7B500C121BB /* Localizable.strings */ = {
			isa = PBXVariantGroup;
			children = (
				2CC599B51E28D7C800C121BB /* Base */,
				2C7461F31E2DB0A3005F10F2 /* en */,
				2C7461F41E2DB0B1005F10F2 /* zh-Hant */,
				2C7461F51E2DB0BA005F10F2 /* ja */,
				2C7461F61E2DB0BF005F10F2 /* fr */,
				2C7461F71E2DB0C0005F10F2 /* de */,
				2C7461F81E2DB0C1005F10F2 /* es */,
				2C7461F91E2DB0C2005F10F2 /* es-MX */,
				2C7461FA1E2DB0C4005F10F2 /* it */,
				2C7461FB1E2DB0C5005F10F2 /* nl */,
				2C7461FC1E2DB0C6005F10F2 /* ko */,
				2C7461FD1E2DB0C7005F10F2 /* pt-BR */,
				2C7461FE1E2DB0C9005F10F2 /* pt-PT */,
				2C7461FF1E2DB0CA005F10F2 /* da */,
				2C7462001E2DB0CB005F10F2 /* fi */,
				2C7462011E2DB0CC005F10F2 /* nb */,
				2C7462021E2DB0CC005F10F2 /* sv */,
				2C7462031E2DB0CD005F10F2 /* ru */,
				2C7462041E2DB0CE005F10F2 /* pl */,
				2C7462051E2DB0D0005F10F2 /* tr */,
				2C7462061E2DB0D1005F10F2 /* ar */,
				2C7462071E2DB0D2005F10F2 /* th */,
				2C7462081E2DB0D3005F10F2 /* cs */,
				2C7462091E2DB0D4005F10F2 /* hu */,
				2C74620A1E2DB0D5005F10F2 /* ca */,
				2C74620B1E2DB0D6005F10F2 /* hr */,
				2C74620C1E2DB0D7005F10F2 /* el */,
				2C74620D1E2DB0D8005F10F2 /* he */,
				2C74620E1E2DB0D9005F10F2 /* ro */,
				2C74620F1E2DB0DA005F10F2 /* sk */,
				2C7462101E2DB0DB005F10F2 /* uk */,
				2C7462111E2DB0DC005F10F2 /* id */,
				2C7462121E2DB0DC005F10F2 /* ms */,
				2C7462131E2DB0DD005F10F2 /* vi */,
				2C7462141E2DB0DE005F10F2 /* zh-Hans */,
			);
			name = Localizable.strings;
			sourceTree = "<group>";
		};
/* End PBXVariantGroup section */

/* Begin XCBuildConfiguration section */
		2CE5DBF31E21F8D200751566 /* Debug */ = {
			isa = XCBuildConfiguration;
			buildSettings = {
				ALWAYS_SEARCH_USER_PATHS = NO;
				CLANG_ANALYZER_LOCALIZABILITY_NONLOCALIZED = YES;
				CLANG_ANALYZER_NONNULL = YES;
				CLANG_CXX_LANGUAGE_STANDARD = "gnu++0x";
				CLANG_CXX_LIBRARY = "libc++";
				CLANG_ENABLE_MODULES = YES;
				CLANG_ENABLE_OBJC_ARC = YES;
				CLANG_WARN_BOOL_CONVERSION = YES;
				CLANG_WARN_CONSTANT_CONVERSION = YES;
				CLANG_WARN_DIRECT_OBJC_ISA_USAGE = YES_ERROR;
				CLANG_WARN_DOCUMENTATION_COMMENTS = YES;
				CLANG_WARN_EMPTY_BODY = YES;
				CLANG_WARN_ENUM_CONVERSION = YES;
				CLANG_WARN_INFINITE_RECURSION = YES;
				CLANG_WARN_INT_CONVERSION = YES;
				CLANG_WARN_OBJC_ROOT_CLASS = YES_ERROR;
				CLANG_WARN_SUSPICIOUS_MOVE = YES;
				CLANG_WARN_SUSPICIOUS_MOVES = YES;
				CLANG_WARN_UNREACHABLE_CODE = YES;
				CLANG_WARN__DUPLICATE_METHOD_MATCH = YES;
				"CODE_SIGN_IDENTITY[sdk=iphoneos*]" = "iPhone Developer";
				COPY_PHASE_STRIP = NO;
				DEBUG_INFORMATION_FORMAT = dwarf;
				ENABLE_STRICT_OBJC_MSGSEND = YES;
				ENABLE_TESTABILITY = YES;
				GCC_C_LANGUAGE_STANDARD = gnu99;
				GCC_DYNAMIC_NO_PIC = NO;
				GCC_NO_COMMON_BLOCKS = YES;
				GCC_OPTIMIZATION_LEVEL = 0;
				GCC_PREPROCESSOR_DEFINITIONS = (
					"DEBUG=1",
					"$(inherited)",
				);
				GCC_WARN_64_TO_32_BIT_CONVERSION = YES;
				GCC_WARN_ABOUT_RETURN_TYPE = YES_ERROR;
				GCC_WARN_UNDECLARED_SELECTOR = YES;
				GCC_WARN_UNINITIALIZED_AUTOS = YES_AGGRESSIVE;
				GCC_WARN_UNUSED_FUNCTION = YES;
				GCC_WARN_UNUSED_VARIABLE = YES;
				IPHONEOS_DEPLOYMENT_TARGET = 8.0;
				MTL_ENABLE_DEBUG_INFO = YES;
				ONLY_ACTIVE_ARCH = YES;
				SDKROOT = iphoneos;
				TARGETED_DEVICE_FAMILY = "1,2";
			};
			name = Debug;
		};
		2CE5DBF41E21F8D200751566 /* Release */ = {
			isa = XCBuildConfiguration;
			buildSettings = {
				ALWAYS_SEARCH_USER_PATHS = NO;
				CLANG_ANALYZER_LOCALIZABILITY_NONLOCALIZED = YES;
				CLANG_ANALYZER_NONNULL = YES;
				CLANG_CXX_LANGUAGE_STANDARD = "gnu++0x";
				CLANG_CXX_LIBRARY = "libc++";
				CLANG_ENABLE_MODULES = YES;
				CLANG_ENABLE_OBJC_ARC = YES;
				CLANG_WARN_BOOL_CONVERSION = YES;
				CLANG_WARN_CONSTANT_CONVERSION = YES;
				CLANG_WARN_DIRECT_OBJC_ISA_USAGE = YES_ERROR;
				CLANG_WARN_DOCUMENTATION_COMMENTS = YES;
				CLANG_WARN_EMPTY_BODY = YES;
				CLANG_WARN_ENUM_CONVERSION = YES;
				CLANG_WARN_INFINITE_RECURSION = YES;
				CLANG_WARN_INT_CONVERSION = YES;
				CLANG_WARN_OBJC_ROOT_CLASS = YES_ERROR;
				CLANG_WARN_SUSPICIOUS_MOVE = YES;
				CLANG_WARN_SUSPICIOUS_MOVES = YES;
				CLANG_WARN_UNREACHABLE_CODE = YES;
				CLANG_WARN__DUPLICATE_METHOD_MATCH = YES;
				"CODE_SIGN_IDENTITY[sdk=iphoneos*]" = "iPhone Developer";
				COPY_PHASE_STRIP = NO;
				DEBUG_INFORMATION_FORMAT = "dwarf-with-dsym";
				ENABLE_NS_ASSERTIONS = NO;
				ENABLE_STRICT_OBJC_MSGSEND = YES;
				GCC_C_LANGUAGE_STANDARD = gnu99;
				GCC_NO_COMMON_BLOCKS = YES;
				GCC_WARN_64_TO_32_BIT_CONVERSION = YES;
				GCC_WARN_ABOUT_RETURN_TYPE = YES_ERROR;
				GCC_WARN_UNDECLARED_SELECTOR = YES;
				GCC_WARN_UNINITIALIZED_AUTOS = YES_AGGRESSIVE;
				GCC_WARN_UNUSED_FUNCTION = YES;
				GCC_WARN_UNUSED_VARIABLE = YES;
				IPHONEOS_DEPLOYMENT_TARGET = 8.0;
				MTL_ENABLE_DEBUG_INFO = NO;
				SDKROOT = iphoneos;
				TARGETED_DEVICE_FAMILY = "1,2";
				VALIDATE_PRODUCT = YES;
			};
			name = Release;
		};
		2CE5DBF61E21F8D200751566 /* Debug */ = {
			isa = XCBuildConfiguration;
			buildSettings = {
				ASSETCATALOG_COMPILER_APPICON_NAME = AppIcon;
				DEVELOPMENT_TEAM = Z3X9X735CZ;
				INFOPLIST_FILE = Secret/Info.plist;
				IPHONEOS_DEPLOYMENT_TARGET = 8.0;
				LD_RUNPATH_SEARCH_PATHS = "$(inherited) @executable_path/Frameworks";
				PRODUCT_BUNDLE_IDENTIFIER = com.guoxuzan.Secret;
				PRODUCT_NAME = "$(TARGET_NAME)";
				TARGETED_DEVICE_FAMILY = 1;
			};
			name = Debug;
		};
		2CE5DBF71E21F8D200751566 /* Release */ = {
			isa = XCBuildConfiguration;
			buildSettings = {
				ASSETCATALOG_COMPILER_APPICON_NAME = AppIcon;
				DEVELOPMENT_TEAM = Z3X9X735CZ;
				INFOPLIST_FILE = Secret/Info.plist;
				IPHONEOS_DEPLOYMENT_TARGET = 8.0;
				LD_RUNPATH_SEARCH_PATHS = "$(inherited) @executable_path/Frameworks";
				PRODUCT_BUNDLE_IDENTIFIER = com.guoxuzan.Secret;
				PRODUCT_NAME = "$(TARGET_NAME)";
				TARGETED_DEVICE_FAMILY = 1;
			};
			name = Release;
		};
/* End XCBuildConfiguration section */

/* Begin XCConfigurationList section */
		2CE5DBD91E21F8D100751566 /* Build configuration list for PBXProject "Secret" */ = {
			isa = XCConfigurationList;
			buildConfigurations = (
				2CE5DBF31E21F8D200751566 /* Debug */,
				2CE5DBF41E21F8D200751566 /* Release */,
			);
			defaultConfigurationIsVisible = 0;
			defaultConfigurationName = Release;
		};
		2CE5DBF51E21F8D200751566 /* Build configuration list for PBXNativeTarget "Secret" */ = {
			isa = XCConfigurationList;
			buildConfigurations = (
				2CE5DBF61E21F8D200751566 /* Debug */,
				2CE5DBF71E21F8D200751566 /* Release */,
			);
			defaultConfigurationIsVisible = 0;
			defaultConfigurationName = Release;
		};
/* End XCConfigurationList section */
	};
	rootObject = 2CE5DBD61E21F8D100751566 /* Project object */;
}
